
Microsoft Visual Studio Solution File, Format Version 12.00
# Visual Studio Version 17
VisualStudioVersion = 17.6.33815.320
MinimumVisualStudioVersion = 10.0.40219.1
Project("{FAE04EC0-301F-11D3-BF4B-00C04F79EFBC}") = "UsingCustomModelBinding", "UsingCustomModelBinding\UsingCustomModelBinding.csproj", "{7B464E7A-E646-4766-90E2-64BB06E45821}"
EndProject
Global
	GlobalSection(SolutionConfigurationPlatforms) = preSolution
		Debug|Any CPU = Debug|Any CPU
		Release|Any CPU = Release|Any CPU
	EndGlobalSection
	GlobalSection(ProjectConfigurationPlatforms) = postSolution
		{7B464E7A-E646-4766-90E2-64BB06E45821}.Debug|Any CPU.ActiveCfg = Debug|Any CPU
		{7B464E7A-E646-4766-90E2-64BB06E45821}.Debug|Any CPU.Build.0 = Debug|Any CPU
		{7B464E7A-E646-4766-90E2-64BB06E45821}.Release|Any CPU.ActiveCfg = Release|Any CPU
		{7B464E7A-E646-4766-90E2-64BB06E45821}.Release|Any CPU.Build.0 = Release|Any CPU
	EndGlobalSection
	GlobalSection(SolutionProperties) = preSolution
		HideSolutionNode = FALSE
	EndGlobalSection
	GlobalSection(ExtensibilityGlobals) = postSolution
		SolutionGuid = {905667A3-C138-4D28-BFC0-AC6FABB7A276}
	EndGlobalSection
EndGlobal
